
Microsoft Visual Studio Solution File, Format Version 12.00
# Visual Studio Version 17
VisualStudioVersion = 17.9.34728.123
MinimumVisualStudioVersion = 10.0.40219.1
Project("{9A19103F-16F7-4668-BE54-9A1E7A4F7556}") = "Dash board 1 (1)", "Dash board 1 (1).csproj", "{F8897BBF-6CCD-4C09-B29B-E1086B531C16}"
EndProject
Global
	GlobalSection(SolutionConfigurationPlatforms) = preSolution
		Debug|Any CPU = Debug|Any CPU
		Release|Any CPU = Release|Any CPU
	EndGlobalSection
	GlobalSection(ProjectConfigurationPlatforms) = postSolution
		{F8897BBF-6CCD-4C09-B29B-E1086B531C16}.Debug|Any CPU.ActiveCfg = Debug|Any CPU
		{F8897BBF-6CCD-4C09-B29B-E1086B531C16}.Debug|Any CPU.Build.0 = Debug|Any CPU
		{F8897BBF-6CCD-4C09-B29B-E1086B531C16}.Release|Any CPU.ActiveCfg = Release|Any CPU
		{F8897BBF-6CCD-4C09-B29B-E1086B531C16}.Release|Any CPU.Build.0 = Release|Any CPU
	EndGlobalSection
	GlobalSection(SolutionProperties) = preSolution
		HideSolutionNode = FALSE
	EndGlobalSection
	GlobalSection(ExtensibilityGlobals) = postSolution
		SolutionGuid = {612D8CD9-2609-4CD2-B6DE-3F7BD77AEA8A}
	EndGlobalSection
EndGlobal
